
Microsoft Visual Studio Solution File, Format Version 12.00
# Visual Studio Version 17
VisualStudioVersion = 17.14.37628.2
MinimumVisualStudioVersion = 10.0.40219.1
Project("{FAE04EC0-301F-11D3-BF4B-00C04F79EFBC}") = "CalculatorV1", "CalculatorV1\CalculatorV1.csproj", "{72736EBA-BAE4-403C-A71C-C8305E22DCBD}"
EndProject
Global
	GlobalSection(SolutionConfigurationPlatforms) = preSolution
		Debug|Any CPU = Debug|Any CPU
		Release|Any CPU = Release|Any CPU
	EndGlobalSection
	GlobalSection(ProjectConfigurationPlatforms) = postSolution
		{72736EBA-BAE4-403C-A71C-C8305E22DCBD}.Debug|Any CPU.ActiveCfg = Debug|Any CPU
		{72736EBA-BAE4-403C-A71C-C8305E22DCBD}.Debug|Any CPU.Build.0 = Debug|Any CPU
		{72736EBA-BAE4-403C-A71C-C8305E22DCBD}.Release|Any CPU.ActiveCfg = Release|Any CPU
		{72736EBA-BAE4-403C-A71C-C8305E22DCBD}.Release|Any CPU.Build.0 = Release|Any CPU
	EndGlobalSection
	GlobalSection(SolutionProperties) = preSolution
		HideSolutionNode = FALSE
	EndGlobalSection
	GlobalSection(ExtensibilityGlobals) = postSolution
		SolutionGuid = {FF2BC908-CD7E-423C-95D8-364E2ADF60B5}
	EndGlobalSection
EndGlobal
